
Microsoft Visual Studio Solution File, Format Version 12.00
# Visual Studio Version 17
VisualStudioVersion = 17.7.34202.233
MinimumVisualStudioVersion = 10.0.40219.1
Project("{9A19103F-16F7-4668-BE54-9A1E7A4F7556}") = "FM_EntityFrameworkCore", "FM_EntityFrameworkCore\FM_EntityFrameworkCore.csproj", "{6FB9A7FE-E15B-4B5A-B918-00A68BB4684D}"
EndProject
Project("{FAE04EC0-301F-11D3-BF4B-00C04F79EFBC}") = "EM_EntityFrameworkCore", "EM_EntityFrameworkCore\EM_EntityFrameworkCore.csproj", "{EF78753A-EDE0-49CD-A912-B0761A28CA14}"
EndProject
Global
	GlobalSection(SolutionConfigurationPlatforms) = preSolution
		Debug|Any CPU = Debug|Any CPU
		Release|Any CPU = Release|Any CPU
	EndGlobalSection
	GlobalSection(ProjectConfigurationPlatforms) = postSolution
		{6FB9A7FE-E15B-4B5A-B918-00A68BB4684D}.Debug|Any CPU.ActiveCfg = Debug|Any CPU
		{6FB9A7FE-E15B-4B5A-B918-00A68BB4684D}.Debug|Any CPU.Build.0 = Debug|Any CPU
		{6FB9A7FE-E15B-4B5A-B918-00A68BB4684D}.Release|Any CPU.ActiveCfg = Release|Any CPU
		{6FB9A7FE-E15B-4B5A-B918-00A68BB4684D}.Release|Any CPU.Build.0 = Release|Any CPU
		{EF78753A-EDE0-49CD-A912-B0761A28CA14}.Debug|Any CPU.ActiveCfg = Debug|Any CPU
		{EF78753A-EDE0-49CD-A912-B0761A28CA14}.Debug|Any CPU.Build.0 = Debug|Any CPU
		{EF78753A-EDE0-49CD-A912-B0761A28CA14}.Release|Any CPU.ActiveCfg = Release|Any CPU
		{EF78753A-EDE0-49CD-A912-B0761A28CA14}.Release|Any CPU.Build.0 = Release|Any CPU
	EndGlobalSection
	GlobalSection(SolutionProperties) = preSolution
		HideSolutionNode = FALSE
	EndGlobalSection
	GlobalSection(ExtensibilityGlobals) = postSolution
		SolutionGuid = {EC0092A4-4B7E-430F-AD83-9EF685F48590}
	EndGlobalSection
EndGlobal
